
Microsoft Visual Studio Solution File, Format Version 12.00
# Visual Studio Version 17
Project("{8BC9CEB8-8B4A-11D0-8D11-00A0C91BC942}") = "ALL_BUILD", "ALL_BUILD.vcxproj", "{9D2C8951-2652-352A-A1F8-1E21915E13BB}"
	ProjectSection(ProjectDependencies) = postProject
		{F9D39E51-3717-3523-9507-DA62D9443DA3} = {F9D39E51-3717-3523-9507-DA62D9443DA3}
		{DA9DFF48-DAA7-38EF-B048-A9DFC298C26F} = {DA9DFF48-DAA7-38EF-B048-A9DFC298C26F}
	EndProjectSection
EndProject
Project("{8BC9CEB8-8B4A-11D0-8D11-00A0C91BC942}") = "ZERO_CHECK", "ZERO_CHECK.vcxproj", "{F9D39E51-3717-3523-9507-DA62D9443DA3}"
	ProjectSection(ProjectDependencies) = postProject
	EndProjectSection
EndProject
Project("{8BC9CEB8-8B4A-11D0-8D11-00A0C91BC942}") = "listdir", "listdir.vcxproj", "{DA9DFF48-DAA7-38EF-B048-A9DFC298C26F}"
	ProjectSection(ProjectDependencies) = postProject
		{F9D39E51-3717-3523-9507-DA62D9443DA3} = {F9D39E51-3717-3523-9507-DA62D9443DA3}
	EndProjectSection
EndProject
Global
	GlobalSection(SolutionConfigurationPlatforms) = preSolution
		Debug|x64 = Debug|x64
		Release|x64 = Release|x64
		MinSizeRel|x64 = MinSizeRel|x64
		RelWithDebInfo|x64 = RelWithDebInfo|x64
	EndGlobalSection
	GlobalSection(ProjectConfigurationPlatforms) = postSolution
		{9D2C8951-2652-352A-A1F8-1E21915E13BB}.Debug|x64.ActiveCfg = Debug|x64
		{9D2C8951-2652-352A-A1F8-1E21915E13BB}.Release|x64.ActiveCfg = Release|x64
		{9D2C8951-2652-352A-A1F8-1E21915E13BB}.MinSizeRel|x64.ActiveCfg = MinSizeRel|x64
		{9D2C8951-2652-352A-A1F8-1E21915E13BB}.RelWithDebInfo|x64.ActiveCfg = RelWithDebInfo|x64
		{F9D39E51-3717-3523-9507-DA62D9443DA3}.Debug|x64.ActiveCfg = Debug|x64
		{F9D39E51-3717-3523-9507-DA62D9443DA3}.Debug|x64.Build.0 = Debug|x64
		{F9D39E51-3717-3523-9507-DA62D9443DA3}.Release|x64.ActiveCfg = Release|x64
		{F9D39E51-3717-3523-9507-DA62D9443DA3}.Release|x64.Build.0 = Release|x64
		{F9D39E51-3717-3523-9507-DA62D9443DA3}.MinSizeRel|x64.ActiveCfg = MinSizeRel|x64
		{F9D39E51-3717-3523-9507-DA62D9443DA3}.MinSizeRel|x64.Build.0 = MinSizeRel|x64
		{F9D39E51-3717-3523-9507-DA62D9443DA3}.RelWithDebInfo|x64.ActiveCfg = RelWithDebInfo|x64
		{F9D39E51-3717-3523-9507-DA62D9443DA3}.RelWithDebInfo|x64.Build.0 = RelWithDebInfo|x64
		{DA9DFF48-DAA7-38EF-B048-A9DFC298C26F}.Debug|x64.ActiveCfg = Debug|x64
		{DA9DFF48-DAA7-38EF-B048-A9DFC298C26F}.Debug|x64.Build.0 = Debug|x64
		{DA9DFF48-DAA7-38EF-B048-A9DFC298C26F}.Release|x64.ActiveCfg = Release|x64
		{DA9DFF48-DAA7-38EF-B048-A9DFC298C26F}.Release|x64.Build.0 = Release|x64
		{DA9DFF48-DAA7-38EF-B048-A9DFC298C26F}.MinSizeRel|x64.ActiveCfg = MinSizeRel|x64
		{DA9DFF48-DAA7-38EF-B048-A9DFC298C26F}.MinSizeRel|x64.Build.0 = MinSizeRel|x64
		{DA9DFF48-DAA7-38EF-B048-A9DFC298C26F}.RelWithDebInfo|x64.ActiveCfg = RelWithDebInfo|x64
		{DA9DFF48-DAA7-38EF-B048-A9DFC298C26F}.RelWithDebInfo|x64.Build.0 = RelWithDebInfo|x64
	EndGlobalSection
	GlobalSection(ExtensibilityGlobals) = postSolution
		SolutionGuid = {7FEF0E5D-9598-3333-9D64-17B2C2FE72DA}
	EndGlobalSection
	GlobalSection(ExtensibilityAddIns) = postSolution
	EndGlobalSection
EndGlobal
